
Microsoft Visual Studio Solution File, Format Version 12.00
# Visual Studio 15
VisualStudioVersion = 15.0.27004.2005
MinimumVisualStudioVersion = 10.0.40219.1
Project("{9A19103F-16F7-4668-BE54-9A1E7A4F7556}") = "WorkoutWebsite.Data", "WorkoutWebsite.Data\WorkoutWebsite.Data.csproj", "{906DE5F5-2BFF-4ED9-98F6-9E70D7321A70}"
EndProject
Project("{9A19103F-16F7-4668-BE54-9A1E7A4F7556}") = "WorkoutWebsite.Web", "WorkoutWebsite.Web\WorkoutWebsite.Web.csproj", "{9AB4BCD5-00FC-4111-B4BB-D31BC4EC4747}"
EndProject
Project("{FAE04EC0-301F-11D3-BF4B-00C04F79EFBC}") = "WorkoutWebsite.Services", "WorkoutWebsite.Services\WorkoutWebsite.Services.csproj", "{DD1007C6-6712-40A2-A3DB-7A2ADA9846BA}"
EndProject
Global
	GlobalSection(SolutionConfigurationPlatforms) = preSolution
		Debug|Any CPU = Debug|Any CPU
		Release|Any CPU = Release|Any CPU
	EndGlobalSection
	GlobalSection(ProjectConfigurationPlatforms) = postSolution
		{906DE5F5-2BFF-4ED9-98F6-9E70D7321A70}.Debug|Any CPU.ActiveCfg = Debug|Any CPU
		{906DE5F5-2BFF-4ED9-98F6-9E70D7321A70}.Debug|Any CPU.Build.0 = Debug|Any CPU
		{906DE5F5-2BFF-4ED9-98F6-9E70D7321A70}.Release|Any CPU.ActiveCfg = Release|Any CPU
		{906DE5F5-2BFF-4ED9-98F6-9E70D7321A70}.Release|Any CPU.Build.0 = Release|Any CPU
		{9AB4BCD5-00FC-4111-B4BB-D31BC4EC4747}.Debug|Any CPU.ActiveCfg = Debug|Any CPU
		{9AB4BCD5-00FC-4111-B4BB-D31BC4EC4747}.Debug|Any CPU.Build.0 = Debug|Any CPU
		{9AB4BCD5-00FC-4111-B4BB-D31BC4EC4747}.Release|Any CPU.ActiveCfg = Release|Any CPU
		{9AB4BCD5-00FC-4111-B4BB-D31BC4EC4747}.Release|Any CPU.Build.0 = Release|Any CPU
		{DD1007C6-6712-40A2-A3DB-7A2ADA9846BA}.Debug|Any CPU.ActiveCfg = Debug|Any CPU
		{DD1007C6-6712-40A2-A3DB-7A2ADA9846BA}.Debug|Any CPU.Build.0 = Debug|Any CPU
		{DD1007C6-6712-40A2-A3DB-7A2ADA9846BA}.Release|Any CPU.ActiveCfg = Release|Any CPU
		{DD1007C6-6712-40A2-A3DB-7A2ADA9846BA}.Release|Any CPU.Build.0 = Release|Any CPU
	EndGlobalSection
	GlobalSection(SolutionProperties) = preSolution
		HideSolutionNode = FALSE
	EndGlobalSection
	GlobalSection(ExtensibilityGlobals) = postSolution
		SolutionGuid = {36D1DCFD-6AEE-49A1-AB90-7232C4A63F4C}
	EndGlobalSection
EndGlobal
